
Microsoft Visual Studio Solution File, Format Version 12.00
# Visual Studio 14
VisualStudioVersion = 14.0.25420.1
MinimumVisualStudioVersion = 10.0.40219.1
Project("{2150E333-8FDC-42A3-9474-1A3956D46DE8}") = "Dependencies", "Dependencies", "{98FCF348-E982-4F11-AD4E-AA340D0F1BF2}"
EndProject
Project("{FAE04EC0-301F-11D3-BF4B-00C04F79EFBC}") = "Json2Csharp", "Json to CSharp Generator\Json2Csharp.csproj", "{C9DF65CD-EA82-4148-B819-79789CF533A3}"
EndProject
Project("{FAE04EC0-301F-11D3-BF4B-00C04F79EFBC}") = "Core", "Core\Core.csproj", "{30264440-54B2-4524-BF85-80A0F5540BEC}"
EndProject
Project("{FAE04EC0-301F-11D3-BF4B-00C04F79EFBC}") = "WeCode", "WeCode\WeCode.csproj", "{55205FB6-7F4A-4090-B9C6-F7A1AFC4977B}"
	ProjectSection(ProjectDependencies) = postProject
		{30264440-54B2-4524-BF85-80A0F5540BEC} = {30264440-54B2-4524-BF85-80A0F5540BEC}
		{C9DF65CD-EA82-4148-B819-79789CF533A3} = {C9DF65CD-EA82-4148-B819-79789CF533A3}
	EndProjectSection
EndProject
Project("{FAE04EC0-301F-11D3-BF4B-00C04F79EFBC}") = "Color", "Color\Color.csproj", "{E3135599-E75E-4165-AB74-5977A0611D45}"
EndProject
Global
	GlobalSection(SolutionConfigurationPlatforms) = preSolution
		Debug|Any CPU = Debug|Any CPU
		Debug|ARM = Debug|ARM
		Debug|x64 = Debug|x64
		Debug|x86 = Debug|x86
		Release|Any CPU = Release|Any CPU
		Release|ARM = Release|ARM
		Release|x64 = Release|x64
		Release|x86 = Release|x86
	EndGlobalSection
	GlobalSection(ProjectConfigurationPlatforms) = postSolution
		{C9DF65CD-EA82-4148-B819-79789CF533A3}.Debug|Any CPU.ActiveCfg = Debug|Any CPU
		{C9DF65CD-EA82-4148-B819-79789CF533A3}.Debug|Any CPU.Build.0 = Debug|Any CPU
		{C9DF65CD-EA82-4148-B819-79789CF533A3}.Debug|ARM.ActiveCfg = Debug|ARM
		{C9DF65CD-EA82-4148-B819-79789CF533A3}.Debug|ARM.Build.0 = Debug|ARM
		{C9DF65CD-EA82-4148-B819-79789CF533A3}.Debug|x64.ActiveCfg = Debug|x64
		{C9DF65CD-EA82-4148-B819-79789CF533A3}.Debug|x64.Build.0 = Debug|x64
		{C9DF65CD-EA82-4148-B819-79789CF533A3}.Debug|x86.ActiveCfg = Debug|x86
		{C9DF65CD-EA82-4148-B819-79789CF533A3}.Debug|x86.Build.0 = Debug|x86
		{C9DF65CD-EA82-4148-B819-79789CF533A3}.Release|Any CPU.ActiveCfg = Release|Any CPU
		{C9DF65CD-EA82-4148-B819-79789CF533A3}.Release|Any CPU.Build.0 = Release|Any CPU
		{C9DF65CD-EA82-4148-B819-79789CF533A3}.Release|ARM.ActiveCfg = Release|ARM
		{C9DF65CD-EA82-4148-B819-79789CF533A3}.Release|ARM.Build.0 = Release|ARM
		{C9DF65CD-EA82-4148-B819-79789CF533A3}.Release|x64.ActiveCfg = Release|x64
		{C9DF65CD-EA82-4148-B819-79789CF533A3}.Release|x64.Build.0 = Release|x64
		{C9DF65CD-EA82-4148-B819-79789CF533A3}.Release|x86.ActiveCfg = Release|x86
		{C9DF65CD-EA82-4148-B819-79789CF533A3}.Release|x86.Build.0 = Release|x86
		{30264440-54B2-4524-BF85-80A0F5540BEC}.Debug|Any CPU.ActiveCfg = Debug|Any CPU
		{30264440-54B2-4524-BF85-80A0F5540BEC}.Debug|Any CPU.Build.0 = Debug|Any CPU
		{30264440-54B2-4524-BF85-80A0F5540BEC}.Debug|ARM.ActiveCfg = Debug|ARM
		{30264440-54B2-4524-BF85-80A0F5540BEC}.Debug|ARM.Build.0 = Debug|ARM
		{30264440-54B2-4524-BF85-80A0F5540BEC}.Debug|x64.ActiveCfg = Debug|x64
		{30264440-54B2-4524-BF85-80A0F5540BEC}.Debug|x64.Build.0 = Debug|x64
		{30264440-54B2-4524-BF85-80A0F5540BEC}.Debug|x86.ActiveCfg = Debug|x86
		{30264440-54B2-4524-BF85-80A0F5540BEC}.Debug|x86.Build.0 = Debug|x86
		{30264440-54B2-4524-BF85-80A0F5540BEC}.Release|Any CPU.ActiveCfg = Release|Any CPU
		{30264440-54B2-4524-BF85-80A0F5540BEC}.Release|Any CPU.Build.0 = Release|Any CPU
		{30264440-54B2-4524-BF85-80A0F5540BEC}.Release|ARM.ActiveCfg = Release|ARM
		{30264440-54B2-4524-BF85-80A0F5540BEC}.Release|ARM.Build.0 = Release|ARM
		{30264440-54B2-4524-BF85-80A0F5540BEC}.Release|x64.ActiveCfg = Release|x64
		{30264440-54B2-4524-BF85-80A0F5540BEC}.Release|x64.Build.0 = Release|x64
		{30264440-54B2-4524-BF85-80A0F5540BEC}.Release|x86.ActiveCfg = Release|x86
		{30264440-54B2-4524-BF85-80A0F5540BEC}.Release|x86.Build.0 = Release|x86
		{55205FB6-7F4A-4090-B9C6-F7A1AFC4977B}.Debug|Any CPU.ActiveCfg = Debug|x86
		{55205FB6-7F4A-4090-B9C6-F7A1AFC4977B}.Debug|ARM.ActiveCfg = Debug|ARM
		{55205FB6-7F4A-4090-B9C6-F7A1AFC4977B}.Debug|ARM.Build.0 = Debug|ARM
		{55205FB6-7F4A-4090-B9C6-F7A1AFC4977B}.Debug|ARM.Deploy.0 = Debug|ARM
		{55205FB6-7F4A-4090-B9C6-F7A1AFC4977B}.Debug|x64.ActiveCfg = Debug|x64
		{55205FB6-7F4A-4090-B9C6-F7A1AFC4977B}.Debug|x64.Build.0 = Debug|x64
		{55205FB6-7F4A-4090-B9C6-F7A1AFC4977B}.Debug|x64.Deploy.0 = Debug|x64
		{55205FB6-7F4A-4090-B9C6-F7A1AFC4977B}.Debug|x86.ActiveCfg = Debug|x86
		{55205FB6-7F4A-4090-B9C6-F7A1AFC4977B}.Debug|x86.Build.0 = Debug|x86
		{55205FB6-7F4A-4090-B9C6-F7A1AFC4977B}.Debug|x86.Deploy.0 = Debug|x86
		{55205FB6-7F4A-4090-B9C6-F7A1AFC4977B}.Release|Any CPU.ActiveCfg = Release|x86
		{55205FB6-7F4A-4090-B9C6-F7A1AFC4977B}.Release|ARM.ActiveCfg = Release|ARM
		{55205FB6-7F4A-4090-B9C6-F7A1AFC4977B}.Release|ARM.Build.0 = Release|ARM
		{55205FB6-7F4A-4090-B9C6-F7A1AFC4977B}.Release|ARM.Deploy.0 = Release|ARM
		{55205FB6-7F4A-4090-B9C6-F7A1AFC4977B}.Release|x64.ActiveCfg = Release|x64
		{55205FB6-7F4A-4090-B9C6-F7A1AFC4977B}.Release|x64.Build.0 = Release|x64
		{55205FB6-7F4A-4090-B9C6-F7A1AFC4977B}.Release|x64.Deploy.0 = Release|x64
		{55205FB6-7F4A-4090-B9C6-F7A1AFC4977B}.Release|x86.ActiveCfg = Release|x86
		{55205FB6-7F4A-4090-B9C6-F7A1AFC4977B}.Release|x86.Build.0 = Release|x86
		{55205FB6-7F4A-4090-B9C6-F7A1AFC4977B}.Release|x86.Deploy.0 = Release|x86
		{E3135599-E75E-4165-AB74-5977A0611D45}.Debug|Any CPU.ActiveCfg = Debug|Any CPU
		{E3135599-E75E-4165-AB74-5977A0611D45}.Debug|Any CPU.Build.0 = Debug|Any CPU
		{E3135599-E75E-4165-AB74-5977A0611D45}.Debug|ARM.ActiveCfg = Debug|ARM
		{E3135599-E75E-4165-AB74-5977A0611D45}.Debug|ARM.Build.0 = Debug|ARM
		{E3135599-E75E-4165-AB74-5977A0611D45}.Debug|x64.ActiveCfg = Debug|x64
		{E3135599-E75E-4165-AB74-5977A0611D45}.Debug|x64.Build.0 = Debug|x64
		{E3135599-E75E-4165-AB74-5977A0611D45}.Debug|x86.ActiveCfg = Debug|x86
		{E3135599-E75E-4165-AB74-5977A0611D45}.Debug|x86.Build.0 = Debug|x86
		{E3135599-E75E-4165-AB74-5977A0611D45}.Release|Any CPU.ActiveCfg = Release|Any CPU
		{E3135599-E75E-4165-AB74-5977A0611D45}.Release|Any CPU.Build.0 = Release|Any CPU
		{E3135599-E75E-4165-AB74-5977A0611D45}.Release|ARM.ActiveCfg = Release|ARM
		{E3135599-E75E-4165-AB74-5977A0611D45}.Release|ARM.Build.0 = Release|ARM
		{E3135599-E75E-4165-AB74-5977A0611D45}.Release|x64.ActiveCfg = Release|x64
		{E3135599-E75E-4165-AB74-5977A0611D45}.Release|x64.Build.0 = Release|x64
		{E3135599-E75E-4165-AB74-5977A0611D45}.Release|x86.ActiveCfg = Release|x86
		{E3135599-E75E-4165-AB74-5977A0611D45}.Release|x86.Build.0 = Release|x86
	EndGlobalSection
	GlobalSection(SolutionProperties) = preSolution
		HideSolutionNode = FALSE
	EndGlobalSection
	GlobalSection(NestedProjects) = preSolution
		{C9DF65CD-EA82-4148-B819-79789CF533A3} = {98FCF348-E982-4F11-AD4E-AA340D0F1BF2}
		{E3135599-E75E-4165-AB74-5977A0611D45} = {98FCF348-E982-4F11-AD4E-AA340D0F1BF2}
	EndGlobalSection
EndGlobal
